// !$*UTF8*$!
{
	archiveVersion = 1;
	classes = {
	};
	objectVersion = 46;
	objects = {

/* Begin PBXBuildFile section */
		948673DB1F0665AD009CD641 /* Particle.cpp in Sources */ = {isa = PBXBuildFile; fileRef = 948673D91F0665AD009CD641 /* Particle.cpp */; };
		948673E11F0665F5009CD641 /* MathType.cpp in Sources */ = {isa = PBXBuildFile; fileRef = 948673DF1F0665F5009CD641 /* MathType.cpp */; };
		949905D41F0629A000B3BA68 /* libglfw.3.2.dylib in Frameworks */ = {isa = PBXBuildFile; fileRef = 949905D11F0629A000B3BA68 /* libglfw.3.2.dylib */; };
		949905D51F0629A000B3BA68 /* libglfw.3.2.dylib in Frameworks */ = {isa = PBXBuildFile; fileRef = 949905D21F0629A000B3BA68 /* libglfw.3.2.dylib */; };
		949905D61F0629A000B3BA68 /* libglfw.3.2.dylib in Frameworks */ = {isa = PBXBuildFile; fileRef = 949905D31F0629A000B3BA68 /* libglfw.3.2.dylib */; };
		94A33F2A1F0A178300F18413 /* SPH.cpp in Sources */ = {isa = PBXBuildFile; fileRef = 94A33F281F0A178300F18413 /* SPH.cpp */; };
		94A93EDA1F062CE10059691F /* GLWrapper.cpp in Sources */ = {isa = PBXBuildFile; fileRef = 94A93ED81F062CE10059691F /* GLWrapper.cpp */; };
		94A96F021F061E6200935599 /* main.cpp in Sources */ = {isa = PBXBuildFile; fileRef = 94A96F011F061E6200935599 /* main.cpp */; };
		94A96F0A1F061E7F00935599 /* GLUT.framework in Frameworks */ = {isa = PBXBuildFile; fileRef = 94A96F081F061E7F00935599 /* GLUT.framework */; };
		94A96F0B1F061E7F00935599 /* OpenGL.framework in Frameworks */ = {isa = PBXBuildFile; fileRef = 94A96F091F061E7F00935599 /* OpenGL.framework */; };
		94F7B7061F0B9AC800F91375 /* SpaceGrid.cpp in Sources */ = {isa = PBXBuildFile; fileRef = 94F7B7041F0B9AC800F91375 /* SpaceGrid.cpp */; };
/* End PBXBuildFile section */

/* Begin PBXCopyFilesBuildPhase section */
		94A96EFC1F061E6200935599 /* CopyFiles */ = {
			isa = PBXCopyFilesBuildPhase;
			buildActionMask = 2147483647;
			dstPath = /usr/share/man/man1/;
			dstSubfolderSpec = 0;
			files = (
			);
			runOnlyForDeploymentPostprocessing = 1;
		};
/* End PBXCopyFilesBuildPhase section */

/* Begin PBXFileReference section */
		948673D91F0665AD009CD641 /* Particle.cpp */ = {isa = PBXFileReference; fileEncoding = 4; lastKnownFileType = sourcecode.cpp.cpp; path = Particle.cpp; sourceTree = "<group>"; };
		948673DA1F0665AD009CD641 /* Particle.h */ = {isa = PBXFileReference; fileEncoding = 4; lastKnownFileType = sourcecode.c.h; path = Particle.h; sourceTree = "<group>"; };
		948673DF1F0665F5009CD641 /* MathType.cpp */ = {isa = PBXFileReference; fileEncoding = 4; lastKnownFileType = sourcecode.cpp.cpp; path = MathType.cpp; sourceTree = "<group>"; };
		948673E01F0665F5009CD641 /* MathType.h */ = {isa = PBXFileReference; fileEncoding = 4; lastKnownFileType = sourcecode.c.h; path = MathType.h; sourceTree = "<group>"; };
		949905D11F0629A000B3BA68 /* libglfw.3.2.dylib */ = {isa = PBXFileReference; lastKnownFileType = "compiled.mach-o.dylib"; name = libglfw.3.2.dylib; path = ../../../usr/local/Cellar/glfw/3.2.1/lib/libglfw.3.2.dylib; sourceTree = "<group>"; };
		949905D21F0629A000B3BA68 /* libglfw.3.2.dylib */ = {isa = PBXFileReference; lastKnownFileType = "compiled.mach-o.dylib"; name = libglfw.3.2.dylib; path = ../../../usr/local/Cellar/glfw/3.2.1/lib/libglfw.3.2.dylib; sourceTree = "<group>"; };
		949905D31F0629A000B3BA68 /* libglfw.3.2.dylib */ = {isa = PBXFileReference; lastKnownFileType = "compiled.mach-o.dylib"; name = libglfw.3.2.dylib; path = ../../../usr/local/Cellar/glfw/3.2.1/lib/libglfw.3.2.dylib; sourceTree = "<group>"; };
		94A33F281F0A178300F18413 /* SPH.cpp */ = {isa = PBXFileReference; fileEncoding = 4; lastKnownFileType = sourcecode.cpp.cpp; path = SPH.cpp; sourceTree = "<group>"; };
		94A33F291F0A178300F18413 /* SPH.h */ = {isa = PBXFileReference; fileEncoding = 4; lastKnownFileType = sourcecode.c.h; path = SPH.h; sourceTree = "<group>"; };
		94A93ED81F062CE10059691F /* GLWrapper.cpp */ = {isa = PBXFileReference; fileEncoding = 4; lastKnownFileType = sourcecode.cpp.cpp; path = GLWrapper.cpp; sourceTree = "<group>"; };
		94A93ED91F062CE10059691F /* GLWrapper.h */ = {isa = PBXFileReference; fileEncoding = 4; lastKnownFileType = sourcecode.c.h; path = GLWrapper.h; sourceTree = "<group>"; };
		94A96EFE1F061E6200935599 /* Multi-Phase */ = {isa = PBXFileReference; explicitFileType = "compiled.mach-o.executable"; includeInIndex = 0; path = "Multi-Phase"; sourceTree = BUILT_PRODUCTS_DIR; };
		94A96F011F061E6200935599 /* main.cpp */ = {isa = PBXFileReference; lastKnownFileType = sourcecode.cpp.cpp; path = main.cpp; sourceTree = "<group>"; };
		94A96F081F061E7F00935599 /* GLUT.framework */ = {isa = PBXFileReference; lastKnownFileType = wrapper.framework; name = GLUT.framework; path = System/Library/Frameworks/GLUT.framework; sourceTree = SDKROOT; };
		94A96F091F061E7F00935599 /* OpenGL.framework */ = {isa = PBXFileReference; lastKnownFileType = wrapper.framework; name = OpenGL.framework; path = System/Library/Frameworks/OpenGL.framework; sourceTree = SDKROOT; };
		94F7B7041F0B9AC800F91375 /* SpaceGrid.cpp */ = {isa = PBXFileReference; fileEncoding = 4; lastKnownFileType = sourcecode.cpp.cpp; path = SpaceGrid.cpp; sourceTree = "<group>"; };
		94F7B7051F0B9AC800F91375 /* SpaceGrid.h */ = {isa = PBXFileReference; fileEncoding = 4; lastKnownFileType = sourcecode.c.h; path = SpaceGrid.h; sourceTree = "<group>"; };
		94F7B7071F0BBB7B00F91375 /* Headers.pch */ = {isa = PBXFileReference; lastKnownFileType = sourcecode.c.h; path = Headers.pch; sourceTree = "<group>"; };
/* End PBXFileReference section */

/* Begin PBXFrameworksBuildPhase section */
		94A96EFB1F061E6200935599 /* Frameworks */ = {
			isa = PBXFrameworksBuildPhase;
			buildActionMask = 2147483647;
			files = (
				949905D41F0629A000B3BA68 /* libglfw.3.2.dylib in Frameworks */,
				949905D51F0629A000B3BA68 /* libglfw.3.2.dylib in Frameworks */,
				949905D61F0629A000B3BA68 /* libglfw.3.2.dylib in Frameworks */,
				94A96F0A1F061E7F00935599 /* GLUT.framework in Frameworks */,
				94A96F0B1F061E7F00935599 /* OpenGL.framework in Frameworks */,
			);
			runOnlyForDeploymentPostprocessing = 0;
		};
/* End PBXFrameworksBuildPhase section */

/* Begin PBXGroup section */
		94A96EF51F061E6200935599 = {
			isa = PBXGroup;
			children = (
				949905D11F0629A000B3BA68 /* libglfw.3.2.dylib */,
				949905D21F0629A000B3BA68 /* libglfw.3.2.dylib */,
				949905D31F0629A000B3BA68 /* libglfw.3.2.dylib */,
				94A96F081F061E7F00935599 /* GLUT.framework */,
				94A96F091F061E7F00935599 /* OpenGL.framework */,
				94A96F001F061E6200935599 /* Multi-Phase */,
				94A96EFF1F061E6200935599 /* Products */,
			);
			sourceTree = "<group>";
		};
		94A96EFF1F061E6200935599 /* Products */ = {
			isa = PBXGroup;
			children = (
				94A96EFE1F061E6200935599 /* Multi-Phase */,
			);
			name = Products;
			sourceTree = "<group>";
		};
		94A96F001F061E6200935599 /* Multi-Phase */ = {
			isa = PBXGroup;
			children = (
				94A96F011F061E6200935599 /* main.cpp */,
				94A93ED91F062CE10059691F /* GLWrapper.h */,
				94A93ED81F062CE10059691F /* GLWrapper.cpp */,
				948673DA1F0665AD009CD641 /* Particle.h */,
				948673D91F0665AD009CD641 /* Particle.cpp */,
				948673E01F0665F5009CD641 /* MathType.h */,
				948673DF1F0665F5009CD641 /* MathType.cpp */,
				94A33F291F0A178300F18413 /* SPH.h */,
				94A33F281F0A178300F18413 /* SPH.cpp */,
				94F7B7051F0B9AC800F91375 /* SpaceGrid.h */,
				94F7B7041F0B9AC800F91375 /* SpaceGrid.cpp */,
				94F7B7071F0BBB7B00F91375 /* Headers.pch */,
			);
			path = "Multi-Phase";
			sourceTree = "<group>";
		};
/* End PBXGroup section */

/* Begin PBXNativeTarget section */
		94A96EFD1F061E6200935599 /* Multi-Phase */ = {
			isa = PBXNativeTarget;
			buildConfigurationList = 94A96F051F061E6200935599 /* Build configuration list for PBXNativeTarget "Multi-Phase" */;
			buildPhases = (
				94A96EFA1F061E6200935599 /* Sources */,
				94A96EFB1F061E6200935599 /* Frameworks */,
				94A96EFC1F061E6200935599 /* CopyFiles */,
			);
			buildRules = (
			);
			dependencies = (
			);
			name = "Multi-Phase";
			productName = "Multi-Phase";
			productReference = 94A96EFE1F061E6200935599 /* Multi-Phase */;
			productType = "com.apple.product-type.tool";
		};
/* End PBXNativeTarget section */

/* Begin PBXProject section */
		94A96EF61F061E6200935599 /* Project object */ = {
			isa = PBXProject;
			attributes = {
				LastUpgradeCheck = 0630;
				ORGANIZATIONNAME = ncut;
				TargetAttributes = {
					94A96EFD1F061E6200935599 = {
						CreatedOnToolsVersion = 6.3.1;
					};
				};
			};
			buildConfigurationList = 94A96EF91F061E6200935599 /* Build configuration list for PBXProject "Multi-Phase" */;
			compatibilityVersion = "Xcode 3.2";
			developmentRegion = English;
			hasScannedForEncodings = 0;
			knownRegions = (
				en,
			);
			mainGroup = 94A96EF51F061E6200935599;
			productRefGroup = 94A96EFF1F061E6200935599 /* Products */;
			projectDirPath = "";
			projectRoot = "";
			targets = (
				94A96EFD1F061E6200935599 /* Multi-Phase */,
			);
		};
/* End PBXProject section */

/* Begin PBXSourcesBuildPhase section */
		94A96EFA1F061E6200935599 /* Sources */ = {
			isa = PBXSourcesBuildPhase;
			buildActionMask = 2147483647;
			files = (
				94A96F021F061E6200935599 /* main.cpp in Sources */,
				94A33F2A1F0A178300F18413 /* SPH.cpp in Sources */,
				94F7B7061F0B9AC800F91375 /* SpaceGrid.cpp in Sources */,
				948673DB1F0665AD009CD641 /* Particle.cpp in Sources */,
				94A93EDA1F062CE10059691F /* GLWrapper.cpp in Sources */,
				948673E11F0665F5009CD641 /* MathType.cpp in Sources */,
			);
			runOnlyForDeploymentPostprocessing = 0;
		};
/* End PBXSourcesBuildPhase section */

/* Begin XCBuildConfiguration section */
		94A96F031F061E6200935599 /* Debug */ = {
			isa = XCBuildConfiguration;
			buildSettings = {
				ALWAYS_SEARCH_USER_PATHS = YES;
				CLANG_CXX_LANGUAGE_STANDARD = "gnu++0x";
				CLANG_CXX_LIBRARY = "libc++";
				CLANG_ENABLE_MODULES = YES;
				CLANG_ENABLE_OBJC_ARC = YES;
				CLANG_WARN_BOOL_CONVERSION = YES;
				CLANG_WARN_CONSTANT_CONVERSION = YES;
				CLANG_WARN_DIRECT_OBJC_ISA_USAGE = YES_ERROR;
				CLANG_WARN_EMPTY_BODY = YES;
				CLANG_WARN_ENUM_CONVERSION = YES;
				CLANG_WARN_INT_CONVERSION = YES;
				CLANG_WARN_OBJC_ROOT_CLASS = YES_ERROR;
				CLANG_WARN_UNREACHABLE_CODE = YES;
				CLANG_WARN__DUPLICATE_METHOD_MATCH = YES;
				COPY_PHASE_STRIP = NO;
				DEBUG_INFORMATION_FORMAT = dwarf;
				ENABLE_STRICT_OBJC_MSGSEND = YES;
				GCC_C_LANGUAGE_STANDARD = gnu99;
				GCC_DYNAMIC_NO_PIC = NO;
				GCC_NO_COMMON_BLOCKS = YES;
				GCC_OPTIMIZATION_LEVEL = 0;
				GCC_PREPROCESSOR_DEFINITIONS = (
					"DEBUG=1",
					"$(inherited)",
				);
				GCC_SYMBOLS_PRIVATE_EXTERN = NO;
				GCC_WARN_64_TO_32_BIT_CONVERSION = YES;
				GCC_WARN_ABOUT_RETURN_TYPE = YES_ERROR;
				GCC_WARN_UNDECLARED_SELECTOR = YES;
				GCC_WARN_UNINITIALIZED_AUTOS = YES_AGGRESSIVE;
				GCC_WARN_UNUSED_FUNCTION = YES;
				GCC_WARN_UNUSED_VARIABLE = YES;
				MACOSX_DEPLOYMENT_TARGET = 10.10;
				MTL_ENABLE_DEBUG_INFO = YES;
				ONLY_ACTIVE_ARCH = YES;
				SDKROOT = macosx;
			};
			name = Debug;
		};
		94A96F041F061E6200935599 /* Release */ = {
			isa = XCBuildConfiguration;
			buildSettings = {
				ALWAYS_SEARCH_USER_PATHS = YES;
				CLANG_CXX_LANGUAGE_STANDARD = "gnu++0x";
				CLANG_CXX_LIBRARY = "libc++";
				CLANG_ENABLE_MODULES = YES;
				CLANG_ENABLE_OBJC_ARC = YES;
				CLANG_WARN_BOOL_CONVERSION = YES;
				CLANG_WARN_CONSTANT_CONVERSION = YES;
				CLANG_WARN_DIRECT_OBJC_ISA_USAGE = YES_ERROR;
				CLANG_WARN_EMPTY_BODY = YES;
				CLANG_WARN_ENUM_CONVERSION = YES;
				CLANG_WARN_INT_CONVERSION = YES;
				CLANG_WARN_OBJC_ROOT_CLASS = YES_ERROR;
				CLANG_WARN_UNREACHABLE_CODE = YES;
				CLANG_WARN__DUPLICATE_METHOD_MATCH = YES;
				COPY_PHASE_STRIP = NO;
				DEBUG_INFORMATION_FORMAT = "dwarf-with-dsym";
				ENABLE_NS_ASSERTIONS = NO;
				ENABLE_STRICT_OBJC_MSGSEND = YES;
				GCC_C_LANGUAGE_STANDARD = gnu99;
				GCC_NO_COMMON_BLOCKS = YES;
				GCC_WARN_64_TO_32_BIT_CONVERSION = YES;
				GCC_WARN_ABOUT_RETURN_TYPE = YES_ERROR;
				GCC_WARN_UNDECLARED_SELECTOR = YES;
				GCC_WARN_UNINITIALIZED_AUTOS = YES_AGGRESSIVE;
				GCC_WARN_UNUSED_FUNCTION = YES;
				GCC_WARN_UNUSED_VARIABLE = YES;
				MACOSX_DEPLOYMENT_TARGET = 10.10;
				MTL_ENABLE_DEBUG_INFO = NO;
				SDKROOT = macosx;
			};
			name = Release;
		};
		94A96F061F061E6200935599 /* Debug */ = {
			isa = XCBuildConfiguration;
			buildSettings = {
				GCC_PRECOMPILE_PREFIX_HEADER = YES;
				GCC_PREFIX_HEADER = "$(SRCROOT)/Multi-Phase/Headers.pch";
				HEADER_SEARCH_PATHS = (
					"$(inherited)",
					/Applications/Xcode.app/Contents/Developer/Toolchains/XcodeDefault.xctoolchain/usr/include,
					"$(glew_header)",
					"$(glfw_header)",
				);
				LIBRARY_SEARCH_PATHS = (
					"$(glew_lib)",
					"$(glfw_lib)",
					/usr/local/Cellar/glfw/3.2.1/lib,
				);
				OTHER_LDFLAGS = "-lGLEW";
				PRODUCT_NAME = "$(TARGET_NAME)";
			};
			name = Debug;
		};
		94A96F071F061E6200935599 /* Release */ = {
			isa = XCBuildConfiguration;
			buildSettings = {
				GCC_PRECOMPILE_PREFIX_HEADER = YES;
				GCC_PREFIX_HEADER = "$(SRCROOT)/Multi-Phase/Headers.pch";
				HEADER_SEARCH_PATHS = (
					"$(inherited)",
					/Applications/Xcode.app/Contents/Developer/Toolchains/XcodeDefault.xctoolchain/usr/include,
					"$(glew_header)",
					"$(glfw_header)",
				);
				LIBRARY_SEARCH_PATHS = (
					"$(glew_lib)",
					"$(glfw_lib)",
					/usr/local/Cellar/glfw/3.2.1/lib,
				);
				OTHER_LDFLAGS = "-lGLEW";
				PRODUCT_NAME = "$(TARGET_NAME)";
			};
			name = Release;
		};
/* End XCBuildConfiguration section */

/* Begin XCConfigurationList section */
		94A96EF91F061E6200935599 /* Build configuration list for PBXProject "Multi-Phase" */ = {
			isa = XCConfigurationList;
			buildConfigurations = (
				94A96F031F061E6200935599 /* Debug */,
				94A96F041F061E6200935599 /* Release */,
			);
			defaultConfigurationIsVisible = 0;
			defaultConfigurationName = Release;
		};
		94A96F051F061E6200935599 /* Build configuration list for PBXNativeTarget "Multi-Phase" */ = {
			isa = XCConfigurationList;
			buildConfigurations = (
				94A96F061F061E6200935599 /* Debug */,
				94A96F071F061E6200935599 /* Release */,
			);
			defaultConfigurationIsVisible = 0;
			defaultConfigurationName = Release;
		};
/* End XCConfigurationList section */
	};
	rootObject = 94A96EF61F061E6200935599 /* Project object */;
}
